// !$*UTF8*$!
{
	archiveVersion = 1;
	classes = {
	};
	objectVersion = 46;
	objects = {

/* Begin PBXBuildFile section */
		842EB7D11816E89900974856 /* Foundation.framework in Frameworks */ = {isa = PBXBuildFile; fileRef = 842EB7D01816E89900974856 /* Foundation.framework */; };
		842EB7D31816E89900974856 /* CoreGraphics.framework in Frameworks */ = {isa = PBXBuildFile; fileRef = 842EB7D21816E89900974856 /* CoreGraphics.framework */; };
		842EB7D51816E89900974856 /* UIKit.framework in Frameworks */ = {isa = PBXBuildFile; fileRef = 842EB7D41816E89900974856 /* UIKit.framework */; };
		842EB7DB1816E89900974856 /* InfoPlist.strings in Resources */ = {isa = PBXBuildFile; fileRef = 842EB7D91816E89900974856 /* InfoPlist.strings */; };
		842EB7DD1816E89900974856 /* main.m in Sources */ = {isa = PBXBuildFile; fileRef = 842EB7DC1816E89900974856 /* main.m */; };
		842EB7E11816E89900974856 /* HHAppDelegate.m in Sources */ = {isa = PBXBuildFile; fileRef = 842EB7E01816E89900974856 /* HHAppDelegate.m */; };
		842EB7E41816E89900974856 /* Main.storyboard in Resources */ = {isa = PBXBuildFile; fileRef = 842EB7E21816E89900974856 /* Main.storyboard */; };
		842EB7E71816E89900974856 /* HHViewController.m in Sources */ = {isa = PBXBuildFile; fileRef = 842EB7E61816E89900974856 /* HHViewController.m */; };
		842EB7E91816E89900974856 /* Images.xcassets in Resources */ = {isa = PBXBuildFile; fileRef = 842EB7E81816E89900974856 /* Images.xcassets */; };
		842EB7F01816E89900974856 /* XCTest.framework in Frameworks */ = {isa = PBXBuildFile; fileRef = 842EB7EF1816E89900974856 /* XCTest.framework */; };
		842EB7F11816E89900974856 /* Foundation.framework in Frameworks */ = {isa = PBXBuildFile; fileRef = 842EB7D01816E89900974856 /* Foundation.framework */; };
		842EB7F21816E89900974856 /* UIKit.framework in Frameworks */ = {isa = PBXBuildFile; fileRef = 842EB7D41816E89900974856 /* UIKit.framework */; };
		842EB7FA1816E89900974856 /* InfoPlist.strings in Resources */ = {isa = PBXBuildFile; fileRef = 842EB7F81816E89900974856 /* InfoPlist.strings */; };
		842EB7FC1816E89900974856 /* Git_TestTests.m in Sources */ = {isa = PBXBuildFile; fileRef = 842EB7FB1816E89900974856 /* Git_TestTests.m */; };
/* End PBXBuildFile section */

/* Begin PBXContainerItemProxy section */
		842EB7F31816E89900974856 /* PBXContainerItemProxy */ = {
			isa = PBXContainerItemProxy;
			containerPortal = 842EB7C51816E89900974856 /* Project object */;
			proxyType = 1;
			remoteGlobalIDString = 842EB7CC1816E89900974856;
			remoteInfo = "Git Test";
		};
/* End PBXContainerItemProxy section */

/* Begin PBXFileReference section */
		842EB7CD1816E89900974856 /* Git Test.app */ = {isa = PBXFileReference; explicitFileType = wrapper.application; includeInIndex = 0; path = "Git Test.app"; sourceTree = BUILT_PRODUCTS_DIR; };
		842EB7D01816E89900974856 /* Foundation.framework */ = {isa = PBXFileReference; lastKnownFileType = wrapper.framework; name = Foundation.framework; path = System/Library/Frameworks/Foundation.framework; sourceTree = SDKROOT; };
		842EB7D21816E89900974856 /* CoreGraphics.framework */ = {isa = PBXFileReference; lastKnownFileType = wrapper.framework; name = CoreGraphics.framework; path = System/Library/Frameworks/CoreGraphics.framework; sourceTree = SDKROOT; };
		842EB7D41816E89900974856 /* UIKit.framework */ = {isa = PBXFileReference; lastKnownFileType = wrapper.framework; name = UIKit.framework; path = System/Library/Frameworks/UIKit.framework; sourceTree = SDKROOT; };
		842EB7D81816E89900974856 /* Git Test-Info.plist */ = {isa = PBXFileReference; lastKnownFileType = text.plist.xml; path = "Git Test-Info.plist"; sourceTree = "<group>"; };
		842EB7DA1816E89900974856 /* en */ = {isa = PBXFileReference; lastKnownFileType = text.plist.strings; name = en; path = en.lproj/InfoPlist.strings; sourceTree = "<group>"; };
		842EB7DC1816E89900974856 /* main.m */ = {isa = PBXFileReference; lastKnownFileType = sourcecode.c.objc; path = main.m; sourceTree = "<group>"; };
		842EB7DE1816E89900974856 /* Git Test-Prefix.pch */ = {isa = PBXFileReference; lastKnownFileType = sourcecode.c.h; path = "Git Test-Prefix.pch"; sourceTree = "<group>"; };
		842EB7DF1816E89900974856 /* HHAppDelegate.h */ = {isa = PBXFileReference; lastKnownFileType = sourcecode.c.h; path = HHAppDelegate.h; sourceTree = "<group>"; };
		842EB7E01816E89900974856 /* HHAppDelegate.m */ = {isa = PBXFileReference; lastKnownFileType = sourcecode.c.objc; path = HHAppDelegate.m; sourceTree = "<group>"; };
		842EB7E31816E89900974856 /* Base */ = {isa = PBXFileReference; lastKnownFileType = file.storyboard; name = Base; path = Base.lproj/Main.storyboard; sourceTree = "<group>"; };
		842EB7E51816E89900974856 /* HHViewController.h */ = {isa = PBXFileReference; lastKnownFileType = sourcecode.c.h; path = HHViewController.h; sourceTree = "<group>"; };
		842EB7E61816E89900974856 /* HHViewController.m */ = {isa = PBXFileReference; lastKnownFileType = sourcecode.c.objc; path = HHViewController.m; sourceTree = "<group>"; };
		842EB7E81816E89900974856 /* Images.xcassets */ = {isa = PBXFileReference; lastKnownFileType = folder.assetcatalog; path = Images.xcassets; sourceTree = "<group>"; };
		842EB7EE1816E89900974856 /* Git TestTests.xctest */ = {isa = PBXFileReference; explicitFileType = wrapper.cfbundle; includeInIndex = 0; path = "Git TestTests.xctest"; sourceTree = BUILT_PRODUCTS_DIR; };
		842EB7EF1816E89900974856 /* XCTest.framework */ = {isa = PBXFileReference; lastKnownFileType = wrapper.framework; name = XCTest.framework; path = Library/Frameworks/XCTest.framework; sourceTree = DEVELOPER_DIR; };
		842EB7F71816E89900974856 /* Git TestTests-Info.plist */ = {isa = PBXFileReference; lastKnownFileType = text.plist.xml; path = "Git TestTests-Info.plist"; sourceTree = "<group>"; };
		842EB7F91816E89900974856 /* en */ = {isa = PBXFileReference; lastKnownFileType = text.plist.strings; name = en; path = en.lproj/InfoPlist.strings; sourceTree = "<group>"; };
		842EB7FB1816E89900974856 /* Git_TestTests.m */ = {isa = PBXFileReference; lastKnownFileType = sourcecode.c.objc; path = Git_TestTests.m; sourceTree = "<group>"; };
/* End PBXFileReference section */

/* Begin PBXFrameworksBuildPhase section */
		842EB7CA1816E89900974856 /* Frameworks */ = {
			isa = PBXFrameworksBuildPhase;
			buildActionMask = 2147483647;
			files = (
				842EB7D31816E89900974856 /* CoreGraphics.framework in Frameworks */,
				842EB7D51816E89900974856 /* UIKit.framework in Frameworks */,
				842EB7D11816E89900974856 /* Foundation.framework in Frameworks */,
			);
			runOnlyForDeploymentPostprocessing = 0;
		};
		842EB7EB1816E89900974856 /* Frameworks */ = {
			isa = PBXFrameworksBuildPhase;
			buildActionMask = 2147483647;
			files = (
				842EB7F01816E89900974856 /* XCTest.framework in Frameworks */,
				842EB7F21816E89900974856 /* UIKit.framework in Frameworks */,
				842EB7F11816E89900974856 /* Foundation.framework in Frameworks */,
			);
			runOnlyForDeploymentPostprocessing = 0;
		};
/* End PBXFrameworksBuildPhase section */

/* Begin PBXGroup section */
		842EB7C41816E89900974856 = {
			isa = PBXGroup;
			children = (
				842EB7D61816E89900974856 /* Git Test */,
				842EB7F51816E89900974856 /* Git TestTests */,
				842EB7CF1816E89900974856 /* Frameworks */,
				842EB7CE1816E89900974856 /* Products */,
			);
			sourceTree = "<group>";
		};
		842EB7CE1816E89900974856 /* Products */ = {
			isa = PBXGroup;
			children = (
				842EB7CD1816E89900974856 /* Git Test.app */,
				842EB7EE1816E89900974856 /* Git TestTests.xctest */,
			);
			name = Products;
			sourceTree = "<group>";
		};
		842EB7CF1816E89900974856 /* Frameworks */ = {
			isa = PBXGroup;
			children = (
				842EB7D01816E89900974856 /* Foundation.framework */,
				842EB7D21816E89900974856 /* CoreGraphics.framework */,
				842EB7D41816E89900974856 /* UIKit.framework */,
				842EB7EF1816E89900974856 /* XCTest.framework */,
			);
			name = Frameworks;
			sourceTree = "<group>";
		};
		842EB7D61816E89900974856 /* Git Test */ = {
			isa = PBXGroup;
			children = (
				842EB7DF1816E89900974856 /* HHAppDelegate.h */,
				842EB7E01816E89900974856 /* HHAppDelegate.m */,
				842EB7E21816E89900974856 /* Main.storyboard */,
				842EB7E51816E89900974856 /* HHViewController.h */,
				842EB7E61816E89900974856 /* HHViewController.m */,
				842EB7E81816E89900974856 /* Images.xcassets */,
				842EB7D71816E89900974856 /* Supporting Files */,
			);
			path = "Git Test";
			sourceTree = "<group>";
		};
		842EB7D71816E89900974856 /* Supporting Files */ = {
			isa = PBXGroup;
			children = (
				842EB7D81816E89900974856 /* Git Test-Info.plist */,
				842EB7D91816E89900974856 /* InfoPlist.strings */,
				842EB7DC1816E89900974856 /* main.m */,
				842EB7DE1816E89900974856 /* Git Test-Prefix.pch */,
			);
			name = "Supporting Files";
			sourceTree = "<group>";
		};
		842EB7F51816E89900974856 /* Git TestTests */ = {
			isa = PBXGroup;
			children = (
				842EB7FB1816E89900974856 /* Git_TestTests.m */,
				842EB7F61816E89900974856 /* Supporting Files */,
			);
			path = "Git TestTests";
			sourceTree = "<group>";
		};
		842EB7F61816E89900974856 /* Supporting Files */ = {
			isa = PBXGroup;
			children = (
				842EB7F71816E89900974856 /* Git TestTests-Info.plist */,
				842EB7F81816E89900974856 /* InfoPlist.strings */,
			);
			name = "Supporting Files";
			sourceTree = "<group>";
		};
/* End PBXGroup section */

/* Begin PBXNativeTarget section */
		842EB7CC1816E89900974856 /* Git Test */ = {
			isa = PBXNativeTarget;
			buildConfigurationList = 842EB7FF1816E89A00974856 /* Build configuration list for PBXNativeTarget "Git Test" */;
			buildPhases = (
				842EB7C91816E89900974856 /* Sources */,
				842EB7CA1816E89900974856 /* Frameworks */,
				842EB7CB1816E89900974856 /* Resources */,
			);
			buildRules = (
			);
			dependencies = (
			);
			name = "Git Test";
			productName = "Git Test";
			productReference = 842EB7CD1816E89900974856 /* Git Test.app */;
			productType = "com.apple.product-type.application";
		};
		842EB7ED1816E89900974856 /* Git TestTests */ = {
			isa = PBXNativeTarget;
			buildConfigurationList = 842EB8021816E89A00974856 /* Build configuration list for PBXNativeTarget "Git TestTests" */;
			buildPhases = (
				842EB7EA1816E89900974856 /* Sources */,
				842EB7EB1816E89900974856 /* Frameworks */,
				842EB7EC1816E89900974856 /* Resources */,
			);
			buildRules = (
			);
			dependencies = (
				842EB7F41816E89900974856 /* PBXTargetDependency */,
			);
			name = "Git TestTests";
			productName = "Git TestTests";
			productReference = 842EB7EE1816E89900974856 /* Git TestTests.xctest */;
			productType = "com.apple.product-type.bundle.unit-test";
		};
/* End PBXNativeTarget section */

/* Begin PBXProject section */
		842EB7C51816E89900974856 /* Project object */ = {
			isa = PBXProject;
			attributes = {
				CLASSPREFIX = HH;
				LastUpgradeCheck = 0500;
				ORGANIZATIONNAME = "Harrison Hertzman";
				TargetAttributes = {
					842EB7ED1816E89900974856 = {
						TestTargetID = 842EB7CC1816E89900974856;
					};
				};
			};
			buildConfigurationList = 842EB7C81816E89900974856 /* Build configuration list for PBXProject "Git Test" */;
			compatibilityVersion = "Xcode 3.2";
			developmentRegion = English;
			hasScannedForEncodings = 0;
			knownRegions = (
				en,
				Base,
			);
			mainGroup = 842EB7C41816E89900974856;
			productRefGroup = 842EB7CE1816E89900974856 /* Products */;
			projectDirPath = "";
			projectRoot = "";
			targets = (
				842EB7CC1816E89900974856 /* Git Test */,
				842EB7ED1816E89900974856 /* Git TestTests */,
			);
		};
/* End PBXProject section */

/* Begin PBXResourcesBuildPhase section */
		842EB7CB1816E89900974856 /* Resources */ = {
			isa = PBXResourcesBuildPhase;
			buildActionMask = 2147483647;
			files = (
				842EB7E91816E89900974856 /* Images.xcassets in Resources */,
				842EB7DB1816E89900974856 /* InfoPlist.strings in Resources */,
				842EB7E41816E89900974856 /* Main.storyboard in Resources */,
			);
			runOnlyForDeploymentPostprocessing = 0;
		};
		842EB7EC1816E89900974856 /* Resources */ = {
			isa = PBXResourcesBuildPhase;
			buildActionMask = 2147483647;
			files = (
				842EB7FA1816E89900974856 /* InfoPlist.strings in Resources */,
			);
			runOnlyForDeploymentPostprocessing = 0;
		};
/* End PBXResourcesBuildPhase section */

/* Begin PBXSourcesBuildPhase section */
		842EB7C91816E89900974856 /* Sources */ = {
			isa = PBXSourcesBuildPhase;
			buildActionMask = 2147483647;
			files = (
				842EB7E71816E89900974856 /* HHViewController.m in Sources */,
				842EB7E11816E89900974856 /* HHAppDelegate.m in Sources */,
				842EB7DD1816E89900974856 /* main.m in Sources */,
			);
			runOnlyForDeploymentPostprocessing = 0;
		};
		842EB7EA1816E89900974856 /* Sources */ = {
			isa = PBXSourcesBuildPhase;
			buildActionMask = 2147483647;
			files = (
				842EB7FC1816E89900974856 /* Git_TestTests.m in Sources */,
			);
			runOnlyForDeploymentPostprocessing = 0;
		};
/* End PBXSourcesBuildPhase section */

/* Begin PBXTargetDependency section */
		842EB7F41816E89900974856 /* PBXTargetDependency */ = {
			isa = PBXTargetDependency;
			target = 842EB7CC1816E89900974856 /* Git Test */;
			targetProxy = 842EB7F31816E89900974856 /* PBXContainerItemProxy */;
		};
/* End PBXTargetDependency section */

/* Begin PBXVariantGroup section */
		842EB7D91816E89900974856 /* InfoPlist.strings */ = {
			isa = PBXVariantGroup;
			children = (
				842EB7DA1816E89900974856 /* en */,
			);
			name = InfoPlist.strings;
			sourceTree = "<group>";
		};
		842EB7E21816E89900974856 /* Main.storyboard */ = {
			isa = PBXVariantGroup;
			children = (
				842EB7E31816E89900974856 /* Base */,
			);
			name = Main.storyboard;
			sourceTree = "<group>";
		};
		842EB7F81816E89900974856 /* InfoPlist.strings */ = {
			isa = PBXVariantGroup;
			children = (
				842EB7F91816E89900974856 /* en */,
			);
			name = InfoPlist.strings;
			sourceTree = "<group>";
		};
/* End PBXVariantGroup section */

/* Begin XCBuildConfiguration section */
		842EB7FD1816E89900974856 /* Debug */ = {
			isa = XCBuildConfiguration;
			buildSettings = {
				ALWAYS_SEARCH_USER_PATHS = NO;
				ARCHS = "$(ARCHS_STANDARD_INCLUDING_64_BIT)";
				CLANG_CXX_LANGUAGE_STANDARD = "gnu++0x";
				CLANG_CXX_LIBRARY = "libc++";
				CLANG_ENABLE_MODULES = YES;
				CLANG_ENABLE_OBJC_ARC = YES;
				CLANG_WARN_BOOL_CONVERSION = YES;
				CLANG_WARN_CONSTANT_CONVERSION = YES;
				CLANG_WARN_DIRECT_OBJC_ISA_USAGE = YES_ERROR;
				CLANG_WARN_EMPTY_BODY = YES;
				CLANG_WARN_ENUM_CONVERSION = YES;
				CLANG_WARN_INT_CONVERSION = YES;
				CLANG_WARN_OBJC_ROOT_CLASS = YES_ERROR;
				CLANG_WARN__DUPLICATE_METHOD_MATCH = YES;
				"CODE_SIGN_IDENTITY[sdk=iphoneos*]" = "iPhone Developer";
				COPY_PHASE_STRIP = NO;
				GCC_C_LANGUAGE_STANDARD = gnu99;
				GCC_DYNAMIC_NO_PIC = NO;
				GCC_OPTIMIZATION_LEVEL = 0;
				GCC_PREPROCESSOR_DEFINITIONS = (
					"DEBUG=1",
					"$(inherited)",
				);
				GCC_SYMBOLS_PRIVATE_EXTERN = NO;
				GCC_WARN_64_TO_32_BIT_CONVERSION = YES;
				GCC_WARN_ABOUT_RETURN_TYPE = YES_ERROR;
				GCC_WARN_UNDECLARED_SELECTOR = YES;
				GCC_WARN_UNINITIALIZED_AUTOS = YES;
				GCC_WARN_UNUSED_FUNCTION = YES;
				GCC_WARN_UNUSED_VARIABLE = YES;
				IPHONEOS_DEPLOYMENT_TARGET = 7.0;
				ONLY_ACTIVE_ARCH = YES;
				SDKROOT = iphoneos;
			};
			name = Debug;
		};
		842EB7FE1816E89900974856 /* Release */ = {
			isa = XCBuildConfiguration;
			buildSettings = {
				ALWAYS_SEARCH_USER_PATHS = NO;
				ARCHS = "$(ARCHS_STANDARD_INCLUDING_64_BIT)";
				CLANG_CXX_LANGUAGE_STANDARD = "gnu++0x";
				CLANG_CXX_LIBRARY = "libc++";
				CLANG_ENABLE_MODULES = YES;
				CLANG_ENABLE_OBJC_ARC = YES;
				CLANG_WARN_BOOL_CONVERSION = YES;
				CLANG_WARN_CONSTANT_CONVERSION = YES;
				CLANG_WARN_DIRECT_OBJC_ISA_USAGE = YES_ERROR;
				CLANG_WARN_EMPTY_BODY = YES;
				CLANG_WARN_ENUM_CONVERSION = YES;
				CLANG_WARN_INT_CONVERSION = YES;
				CLANG_WARN_OBJC_ROOT_CLASS = YES_ERROR;
				CLANG_WARN__DUPLICATE_METHOD_MATCH = YES;
				"CODE_SIGN_IDENTITY[sdk=iphoneos*]" = "iPhone Developer";
				COPY_PHASE_STRIP = YES;
				ENABLE_NS_ASSERTIONS = NO;
				GCC_C_LANGUAGE_STANDARD = gnu99;
				GCC_WARN_64_TO_32_BIT_CONVERSION = YES;
				GCC_WARN_ABOUT_RETURN_TYPE = YES_ERROR;
				GCC_WARN_UNDECLARED_SELECTOR = YES;
				GCC_WARN_UNINITIALIZED_AUTOS = YES;
				GCC_WARN_UNUSED_FUNCTION = YES;
				GCC_WARN_UNUSED_VARIABLE = YES;
				IPHONEOS_DEPLOYMENT_TARGET = 7.0;
				SDKROOT = iphoneos;
				VALIDATE_PRODUCT = YES;
			};
			name = Release;
		};
		842EB8001816E89A00974856 /* Debug */ = {
			isa = XCBuildConfiguration;
			buildSettings = {
				ASSETCATALOG_COMPILER_APPICON_NAME = AppIcon;
				ASSETCATALOG_COMPILER_LAUNCHIMAGE_NAME = LaunchImage;
				GCC_PRECOMPILE_PREFIX_HEADER = YES;
				GCC_PREFIX_HEADER = "Git Test/Git Test-Prefix.pch";
				INFOPLIST_FILE = "Git Test/Git Test-Info.plist";
				PRODUCT_NAME = "$(TARGET_NAME)";
				WRAPPER_EXTENSION = app;
			};
			name = Debug;
		};
		842EB8011816E89A00974856 /* Release */ = {
			isa = XCBuildConfiguration;
			buildSettings = {
				ASSETCATALOG_COMPILER_APPICON_NAME = AppIcon;
				ASSETCATALOG_COMPILER_LAUNCHIMAGE_NAME = LaunchImage;
				GCC_PRECOMPILE_PREFIX_HEADER = YES;
				GCC_PREFIX_HEADER = "Git Test/Git Test-Prefix.pch";
				INFOPLIST_FILE = "Git Test/Git Test-Info.plist";
				PRODUCT_NAME = "$(TARGET_NAME)";
				WRAPPER_EXTENSION = app;
			};
			name = Release;
		};
		842EB8031816E89A00974856 /* Debug */ = {
			isa = XCBuildConfiguration;
			buildSettings = {
				ARCHS = "$(ARCHS_STANDARD_INCLUDING_64_BIT)";
				BUNDLE_LOADER = "$(BUILT_PRODUCTS_DIR)/Git Test.app/Git Test";
				FRAMEWORK_SEARCH_PATHS = (
					"$(SDKROOT)/Developer/Library/Frameworks",
					"$(inherited)",
					"$(DEVELOPER_FRAMEWORKS_DIR)",
				);
				GCC_PRECOMPILE_PREFIX_HEADER = YES;
				GCC_PREFIX_HEADER = "Git Test/Git Test-Prefix.pch";
				GCC_PREPROCESSOR_DEFINITIONS = (
					"DEBUG=1",
					"$(inherited)",
				);
				INFOPLIST_FILE = "Git TestTests/Git TestTests-Info.plist";
				PRODUCT_NAME = "$(TARGET_NAME)";
				TEST_HOST = "$(BUNDLE_LOADER)";
				WRAPPER_EXTENSION = xctest;
			};
			name = Debug;
		};
		842EB8041816E89A00974856 /* Release */ = {
			isa = XCBuildConfiguration;
			buildSettings = {
				ARCHS = "$(ARCHS_STANDARD_INCLUDING_64_BIT)";
				BUNDLE_LOADER = "$(BUILT_PRODUCTS_DIR)/Git Test.app/Git Test";
				FRAMEWORK_SEARCH_PATHS = (
					"$(SDKROOT)/Developer/Library/Frameworks",
					"$(inherited)",
					"$(DEVELOPER_FRAMEWORKS_DIR)",
				);
				GCC_PRECOMPILE_PREFIX_HEADER = YES;
				GCC_PREFIX_HEADER = "Git Test/Git Test-Prefix.pch";
				INFOPLIST_FILE = "Git TestTests/Git TestTests-Info.plist";
				PRODUCT_NAME = "$(TARGET_NAME)";
				TEST_HOST = "$(BUNDLE_LOADER)";
				WRAPPER_EXTENSION = xctest;
			};
			name = Release;
		};
/* End XCBuildConfiguration section */

/* Begin XCConfigurationList section */
		842EB7C81816E89900974856 /* Build configuration list for PBXProject "Git Test" */ = {
			isa = XCConfigurationList;
			buildConfigurations = (
				842EB7FD1816E89900974856 /* Debug */,
				842EB7FE1816E89900974856 /* Release */,
			);
			defaultConfigurationIsVisible = 0;
			defaultConfigurationName = Release;
		};
		842EB7FF1816E89A00974856 /* Build configuration list for PBXNativeTarget "Git Test" */ = {
			isa = XCConfigurationList;
			buildConfigurations = (
				842EB8001816E89A00974856 /* Debug */,
				842EB8011816E89A00974856 /* Release */,
			);
			defaultConfigurationIsVisible = 0;
		};
		842EB8021816E89A00974856 /* Build configuration list for PBXNativeTarget "Git TestTests" */ = {
			isa = XCConfigurationList;
			buildConfigurations = (
				842EB8031816E89A00974856 /* Debug */,
				842EB8041816E89A00974856 /* Release */,
			);
			defaultConfigurationIsVisible = 0;
		};
/* End XCConfigurationList section */
	};
	rootObject = 842EB7C51816E89900974856 /* Project object */;
}
